// !$*UTF8*$!
{
	archiveVersion = 1;
	classes = {
	};
	objectVersion = 46;
	objects = {

/* Begin PBXBuildFile section */
		B4184BB31DC3C2720034C4AF /* AppDelegate.swift in Sources */ = {isa = PBXBuildFile; fileRef = B4184BB21DC3C2720034C4AF /* AppDelegate.swift */; };
		B4184BB51DC3C2720034C4AF /* ViewController.swift in Sources */ = {isa = PBXBuildFile; fileRef = B4184BB41DC3C2720034C4AF /* ViewController.swift */; };
		B4184BB81DC3C2720034C4AF /* Main.storyboard in Resources */ = {isa = PBXBuildFile; fileRef = B4184BB61DC3C2720034C4AF /* Main.storyboard */; };
		B4184BBA1DC3C2720034C4AF /* Assets.xcassets in Resources */ = {isa = PBXBuildFile; fileRef = B4184BB91DC3C2720034C4AF /* Assets.xcassets */; };
		B4184BBD1DC3C2720034C4AF /* LaunchScreen.storyboard in Resources */ = {isa = PBXBuildFile; fileRef = B4184BBB1DC3C2720034C4AF /* LaunchScreen.storyboard */; };
		B4184BC81DC3C2730034C4AF /* adv_calcTests.swift in Sources */ = {isa = PBXBuildFile; fileRef = B4184BC71DC3C2730034C4AF /* adv_calcTests.swift */; };
		B4184BD31DC3C2730034C4AF /* adv_calcUITests.swift in Sources */ = {isa = PBXBuildFile; fileRef = B4184BD21DC3C2730034C4AF /* adv_calcUITests.swift */; };
/* End PBXBuildFile section */

/* Begin PBXContainerItemProxy section */
		B4184BC41DC3C2730034C4AF /* PBXContainerItemProxy */ = {
			isa = PBXContainerItemProxy;
			containerPortal = B4184BA71DC3C2720034C4AF /* Project object */;
			proxyType = 1;
			remoteGlobalIDString = B4184BAE1DC3C2720034C4AF;
			remoteInfo = "adv-calc";
		};
		B4184BCF1DC3C2730034C4AF /* PBXContainerItemProxy */ = {
			isa = PBXContainerItemProxy;
			containerPortal = B4184BA71DC3C2720034C4AF /* Project object */;
			proxyType = 1;
			remoteGlobalIDString = B4184BAE1DC3C2720034C4AF;
			remoteInfo = "adv-calc";
		};
/* End PBXContainerItemProxy section */

/* Begin PBXFileReference section */
		B4184BAF1DC3C2720034C4AF /* adv-calc.app */ = {isa = PBXFileReference; explicitFileType = wrapper.application; includeInIndex = 0; path = "adv-calc.app"; sourceTree = BUILT_PRODUCTS_DIR; };
		B4184BB21DC3C2720034C4AF /* AppDelegate.swift */ = {isa = PBXFileReference; lastKnownFileType = sourcecode.swift; path = AppDelegate.swift; sourceTree = "<group>"; };
		B4184BB41DC3C2720034C4AF /* ViewController.swift */ = {isa = PBXFileReference; lastKnownFileType = sourcecode.swift; path = ViewController.swift; sourceTree = "<group>"; };
		B4184BB71DC3C2720034C4AF /* Base */ = {isa = PBXFileReference; lastKnownFileType = file.storyboard; name = Base; path = Base.lproj/Main.storyboard; sourceTree = "<group>"; };
		B4184BB91DC3C2720034C4AF /* Assets.xcassets */ = {isa = PBXFileReference; lastKnownFileType = folder.assetcatalog; path = Assets.xcassets; sourceTree = "<group>"; };
		B4184BBC1DC3C2720034C4AF /* Base */ = {isa = PBXFileReference; lastKnownFileType = file.storyboard; name = Base; path = Base.lproj/LaunchScreen.storyboard; sourceTree = "<group>"; };
		B4184BBE1DC3C2720034C4AF /* Info.plist */ = {isa = PBXFileReference; lastKnownFileType = text.plist.xml; path = Info.plist; sourceTree = "<group>"; };
		B4184BC31DC3C2720034C4AF /* adv-calcTests.xctest */ = {isa = PBXFileReference; explicitFileType = wrapper.cfbundle; includeInIndex = 0; path = "adv-calcTests.xctest"; sourceTree = BUILT_PRODUCTS_DIR; };
		B4184BC71DC3C2730034C4AF /* adv_calcTests.swift */ = {isa = PBXFileReference; lastKnownFileType = sourcecode.swift; path = adv_calcTests.swift; sourceTree = "<group>"; };
		B4184BC91DC3C2730034C4AF /* Info.plist */ = {isa = PBXFileReference; lastKnownFileType = text.plist.xml; path = Info.plist; sourceTree = "<group>"; };
		B4184BCE1DC3C2730034C4AF /* adv-calcUITests.xctest */ = {isa = PBXFileReference; explicitFileType = wrapper.cfbundle; includeInIndex = 0; path = "adv-calcUITests.xctest"; sourceTree = BUILT_PRODUCTS_DIR; };
		B4184BD21DC3C2730034C4AF /* adv_calcUITests.swift */ = {isa = PBXFileReference; lastKnownFileType = sourcecode.swift; path = adv_calcUITests.swift; sourceTree = "<group>"; };
		B4184BD41DC3C2730034C4AF /* Info.plist */ = {isa = PBXFileReference; lastKnownFileType = text.plist.xml; path = Info.plist; sourceTree = "<group>"; };
/* End PBXFileReference section */

/* Begin PBXFrameworksBuildPhase section */
		B4184BAC1DC3C2720034C4AF /* Frameworks */ = {
			isa = PBXFrameworksBuildPhase;
			buildActionMask = 2147483647;
			files = (
			);
			runOnlyForDeploymentPostprocessing = 0;
		};
		B4184BC01DC3C2720034C4AF /* Frameworks */ = {
			isa = PBXFrameworksBuildPhase;
			buildActionMask = 2147483647;
			files = (
			);
			runOnlyForDeploymentPostprocessing = 0;
		};
		B4184BCB1DC3C2730034C4AF /* Frameworks */ = {
			isa = PBXFrameworksBuildPhase;
			buildActionMask = 2147483647;
			files = (
			);
			runOnlyForDeploymentPostprocessing = 0;
		};
/* End PBXFrameworksBuildPhase section */

/* Begin PBXGroup section */
		B4184BA61DC3C2720034C4AF = {
			isa = PBXGroup;
			children = (
				B4184BB11DC3C2720034C4AF /* adv-calc */,
				B4184BC61DC3C2730034C4AF /* adv-calcTests */,
				B4184BD11DC3C2730034C4AF /* adv-calcUITests */,
				B4184BB01DC3C2720034C4AF /* Products */,
			);
			sourceTree = "<group>";
		};
		B4184BB01DC3C2720034C4AF /* Products */ = {
			isa = PBXGroup;
			children = (
				B4184BAF1DC3C2720034C4AF /* adv-calc.app */,
				B4184BC31DC3C2720034C4AF /* adv-calcTests.xctest */,
				B4184BCE1DC3C2730034C4AF /* adv-calcUITests.xctest */,
			);
			name = Products;
			sourceTree = "<group>";
		};
		B4184BB11DC3C2720034C4AF /* adv-calc */ = {
			isa = PBXGroup;
			children = (
				B4184BB21DC3C2720034C4AF /* AppDelegate.swift */,
				B4184BB41DC3C2720034C4AF /* ViewController.swift */,
				B4184BB61DC3C2720034C4AF /* Main.storyboard */,
				B4184BB91DC3C2720034C4AF /* Assets.xcassets */,
				B4184BBB1DC3C2720034C4AF /* LaunchScreen.storyboard */,
				B4184BBE1DC3C2720034C4AF /* Info.plist */,
			);
			path = "adv-calc";
			sourceTree = "<group>";
		};
		B4184BC61DC3C2730034C4AF /* adv-calcTests */ = {
			isa = PBXGroup;
			children = (
				B4184BC71DC3C2730034C4AF /* adv_calcTests.swift */,
				B4184BC91DC3C2730034C4AF /* Info.plist */,
			);
			path = "adv-calcTests";
			sourceTree = "<group>";
		};
		B4184BD11DC3C2730034C4AF /* adv-calcUITests */ = {
			isa = PBXGroup;
			children = (
				B4184BD21DC3C2730034C4AF /* adv_calcUITests.swift */,
				B4184BD41DC3C2730034C4AF /* Info.plist */,
			);
			path = "adv-calcUITests";
			sourceTree = "<group>";
		};
/* End PBXGroup section */

/* Begin PBXNativeTarget section */
		B4184BAE1DC3C2720034C4AF /* adv-calc */ = {
			isa = PBXNativeTarget;
			buildConfigurationList = B4184BD71DC3C2730034C4AF /* Build configuration list for PBXNativeTarget "adv-calc" */;
			buildPhases = (
				B4184BAB1DC3C2720034C4AF /* Sources */,
				B4184BAC1DC3C2720034C4AF /* Frameworks */,
				B4184BAD1DC3C2720034C4AF /* Resources */,
			);
			buildRules = (
			);
			dependencies = (
			);
			name = "adv-calc";
			productName = "adv-calc";
			productReference = B4184BAF1DC3C2720034C4AF /* adv-calc.app */;
			productType = "com.apple.product-type.application";
		};
		B4184BC21DC3C2720034C4AF /* adv-calcTests */ = {
			isa = PBXNativeTarget;
			buildConfigurationList = B4184BDA1DC3C2730034C4AF /* Build configuration list for PBXNativeTarget "adv-calcTests" */;
			buildPhases = (
				B4184BBF1DC3C2720034C4AF /* Sources */,
				B4184BC01DC3C2720034C4AF /* Frameworks */,
				B4184BC11DC3C2720034C4AF /* Resources */,
			);
			buildRules = (
			);
			dependencies = (
				B4184BC51DC3C2730034C4AF /* PBXTargetDependency */,
			);
			name = "adv-calcTests";
			productName = "adv-calcTests";
			productReference = B4184BC31DC3C2720034C4AF /* adv-calcTests.xctest */;
			productType = "com.apple.product-type.bundle.unit-test";
		};
		B4184BCD1DC3C2730034C4AF /* adv-calcUITests */ = {
			isa = PBXNativeTarget;
			buildConfigurationList = B4184BDD1DC3C2730034C4AF /* Build configuration list for PBXNativeTarget "adv-calcUITests" */;
			buildPhases = (
				B4184BCA1DC3C2730034C4AF /* Sources */,
				B4184BCB1DC3C2730034C4AF /* Frameworks */,
				B4184BCC1DC3C2730034C4AF /* Resources */,
			);
			buildRules = (
			);
			dependencies = (
				B4184BD01DC3C2730034C4AF /* PBXTargetDependency */,
			);
			name = "adv-calcUITests";
			productName = "adv-calcUITests";
			productReference = B4184BCE1DC3C2730034C4AF /* adv-calcUITests.xctest */;
			productType = "com.apple.product-type.bundle.ui-testing";
		};
/* End PBXNativeTarget section */

/* Begin PBXProject section */
		B4184BA71DC3C2720034C4AF /* Project object */ = {
			isa = PBXProject;
			attributes = {
				LastSwiftUpdateCheck = 0800;
				LastUpgradeCheck = 0800;
				ORGANIZATIONNAME = "Arjun Lalwani";
				TargetAttributes = {
					B4184BAE1DC3C2720034C4AF = {
						CreatedOnToolsVersion = 8.0;
						DevelopmentTeam = WN3QYBSRHG;
						ProvisioningStyle = Automatic;
					};
					B4184BC21DC3C2720034C4AF = {
						CreatedOnToolsVersion = 8.0;
						DevelopmentTeam = WN3QYBSRHG;
						ProvisioningStyle = Automatic;
						TestTargetID = B4184BAE1DC3C2720034C4AF;
					};
					B4184BCD1DC3C2730034C4AF = {
						CreatedOnToolsVersion = 8.0;
						DevelopmentTeam = WN3QYBSRHG;
						ProvisioningStyle = Automatic;
						TestTargetID = B4184BAE1DC3C2720034C4AF;
					};
				};
			};
			buildConfigurationList = B4184BAA1DC3C2720034C4AF /* Build configuration list for PBXProject "adv-calc" */;
			compatibilityVersion = "Xcode 3.2";
			developmentRegion = English;
			hasScannedForEncodings = 0;
			knownRegions = (
				en,
				Base,
			);
			mainGroup = B4184BA61DC3C2720034C4AF;
			productRefGroup = B4184BB01DC3C2720034C4AF /* Products */;
			projectDirPath = "";
			projectRoot = "";
			targets = (
				B4184BAE1DC3C2720034C4AF /* adv-calc */,
				B4184BC21DC3C2720034C4AF /* adv-calcTests */,
				B4184BCD1DC3C2730034C4AF /* adv-calcUITests */,
			);
		};
/* End PBXProject section */

/* Begin PBXResourcesBuildPhase section */
		B4184BAD1DC3C2720034C4AF /* Resources */ = {
			isa = PBXResourcesBuildPhase;
			buildActionMask = 2147483647;
			files = (
				B4184BBD1DC3C2720034C4AF /* LaunchScreen.storyboard in Resources */,
				B4184BBA1DC3C2720034C4AF /* Assets.xcassets in Resources */,
				B4184BB81DC3C2720034C4AF /* Main.storyboard in Resources */,
			);
			runOnlyForDeploymentPostprocessing = 0;
		};
		B4184BC11DC3C2720034C4AF /* Resources */ = {
			isa = PBXResourcesBuildPhase;
			buildActionMask = 2147483647;
			files = (
			);
			runOnlyForDeploymentPostprocessing = 0;
		};
		B4184BCC1DC3C2730034C4AF /* Resources */ = {
			isa = PBXResourcesBuildPhase;
			buildActionMask = 2147483647;
			files = (
			);
			runOnlyForDeploymentPostprocessing = 0;
		};
/* End PBXResourcesBuildPhase section */

/* Begin PBXSourcesBuildPhase section */
		B4184BAB1DC3C2720034C4AF /* Sources */ = {
			isa = PBXSourcesBuildPhase;
			buildActionMask = 2147483647;
			files = (
				B4184BB51DC3C2720034C4AF /* ViewController.swift in Sources */,
				B4184BB31DC3C2720034C4AF /* AppDelegate.swift in Sources */,
			);
			runOnlyForDeploymentPostprocessing = 0;
		};
		B4184BBF1DC3C2720034C4AF /* Sources */ = {
			isa = PBXSourcesBuildPhase;
			buildActionMask = 2147483647;
			files = (
				B4184BC81DC3C2730034C4AF /* adv_calcTests.swift in Sources */,
			);
			runOnlyForDeploymentPostprocessing = 0;
		};
		B4184BCA1DC3C2730034C4AF /* Sources */ = {
			isa = PBXSourcesBuildPhase;
			buildActionMask = 2147483647;
			files = (
				B4184BD31DC3C2730034C4AF /* adv_calcUITests.swift in Sources */,
			);
			runOnlyForDeploymentPostprocessing = 0;
		};
/* End PBXSourcesBuildPhase section */

/* Begin PBXTargetDependency section */
		B4184BC51DC3C2730034C4AF /* PBXTargetDependency */ = {
			isa = PBXTargetDependency;
			target = B4184BAE1DC3C2720034C4AF /* adv-calc */;
			targetProxy = B4184BC41DC3C2730034C4AF /* PBXContainerItemProxy */;
		};
		B4184BD01DC3C2730034C4AF /* PBXTargetDependency */ = {
			isa = PBXTargetDependency;
			target = B4184BAE1DC3C2720034C4AF /* adv-calc */;
			targetProxy = B4184BCF1DC3C2730034C4AF /* PBXContainerItemProxy */;
		};
/* End PBXTargetDependency section */

/* Begin PBXVariantGroup section */
		B4184BB61DC3C2720034C4AF /* Main.storyboard */ = {
			isa = PBXVariantGroup;
			children = (
				B4184BB71DC3C2720034C4AF /* Base */,
			);
			name = Main.storyboard;
			sourceTree = "<group>";
		};
		B4184BBB1DC3C2720034C4AF /* LaunchScreen.storyboard */ = {
			isa = PBXVariantGroup;
			children = (
				B4184BBC1DC3C2720034C4AF /* Base */,
			);
			name = LaunchScreen.storyboard;
			sourceTree = "<group>";
		};
/* End PBXVariantGroup section */

/* Begin XCBuildConfiguration section */
		B4184BD51DC3C2730034C4AF /* Debug */ = {
			isa = XCBuildConfiguration;
			buildSettings = {
				ALWAYS_SEARCH_USER_PATHS = NO;
				CLANG_ANALYZER_NONNULL = YES;
				CLANG_CXX_LANGUAGE_STANDARD = "gnu++0x";
				CLANG_CXX_LIBRARY = "libc++";
				CLANG_ENABLE_MODULES = YES;
				CLANG_ENABLE_OBJC_ARC = YES;
				CLANG_WARN_BOOL_CONVERSION = YES;
				CLANG_WARN_CONSTANT_CONVERSION = YES;
				CLANG_WARN_DIRECT_OBJC_ISA_USAGE = YES_ERROR;
				CLANG_WARN_DOCUMENTATION_COMMENTS = YES;
				CLANG_WARN_EMPTY_BODY = YES;
				CLANG_WARN_ENUM_CONVERSION = YES;
				CLANG_WARN_INFINITE_RECURSION = YES;
				CLANG_WARN_INT_CONVERSION = YES;
				CLANG_WARN_OBJC_ROOT_CLASS = YES_ERROR;
				CLANG_WARN_SUSPICIOUS_MOVES = YES;
				CLANG_WARN_UNREACHABLE_CODE = YES;
				CLANG_WARN__DUPLICATE_METHOD_MATCH = YES;
				"CODE_SIGN_IDENTITY[sdk=iphoneos*]" = "iPhone Developer";
				COPY_PHASE_STRIP = NO;
				DEBUG_INFORMATION_FORMAT = dwarf;
				ENABLE_STRICT_OBJC_MSGSEND = YES;
				ENABLE_TESTABILITY = YES;
				GCC_C_LANGUAGE_STANDARD = gnu99;
				GCC_DYNAMIC_NO_PIC = NO;
				GCC_NO_COMMON_BLOCKS = YES;
				GCC_OPTIMIZATION_LEVEL = 0;
				GCC_PREPROCESSOR_DEFINITIONS = (
					"DEBUG=1",
					"$(inherited)",
				);
				GCC_WARN_64_TO_32_BIT_CONVERSION = YES;
				GCC_WARN_ABOUT_RETURN_TYPE = YES_ERROR;
				GCC_WARN_UNDECLARED_SELECTOR = YES;
				GCC_WARN_UNINITIALIZED_AUTOS = YES_AGGRESSIVE;
				GCC_WARN_UNUSED_FUNCTION = YES;
				GCC_WARN_UNUSED_VARIABLE = YES;
				IPHONEOS_DEPLOYMENT_TARGET = 10.0;
				MTL_ENABLE_DEBUG_INFO = YES;
				ONLY_ACTIVE_ARCH = YES;
				SDKROOT = iphoneos;
				SWIFT_ACTIVE_COMPILATION_CONDITIONS = DEBUG;
				SWIFT_OPTIMIZATION_LEVEL = "-Onone";
				TARGETED_DEVICE_FAMILY = "1,2";
			};
			name = Debug;
		};
		B4184BD61DC3C2730034C4AF /* Release */ = {
			isa = XCBuildConfiguration;
			buildSettings = {
				ALWAYS_SEARCH_USER_PATHS = NO;
				CLANG_ANALYZER_NONNULL = YES;
				CLANG_CXX_LANGUAGE_STANDARD = "gnu++0x";
				CLANG_CXX_LIBRARY = "libc++";
				CLANG_ENABLE_MODULES = YES;
				CLANG_ENABLE_OBJC_ARC = YES;
				CLANG_WARN_BOOL_CONVERSION = YES;
				CLANG_WARN_CONSTANT_CONVERSION = YES;
				CLANG_WARN_DIRECT_OBJC_ISA_USAGE = YES_ERROR;
				CLANG_WARN_DOCUMENTATION_COMMENTS = YES;
				CLANG_WARN_EMPTY_BODY = YES;
				CLANG_WARN_ENUM_CONVERSION = YES;
				CLANG_WARN_INFINITE_RECURSION = YES;
				CLANG_WARN_INT_CONVERSION = YES;
				CLANG_WARN_OBJC_ROOT_CLASS = YES_ERROR;
				CLANG_WARN_SUSPICIOUS_MOVES = YES;
				CLANG_WARN_UNREACHABLE_CODE = YES;
				CLANG_WARN__DUPLICATE_METHOD_MATCH = YES;
				"CODE_SIGN_IDENTITY[sdk=iphoneos*]" = "iPhone Developer";
				COPY_PHASE_STRIP = NO;
				DEBUG_INFORMATION_FORMAT = "dwarf-with-dsym";
				ENABLE_NS_ASSERTIONS = NO;
				ENABLE_STRICT_OBJC_MSGSEND = YES;
				GCC_C_LANGUAGE_STANDARD = gnu99;
				GCC_NO_COMMON_BLOCKS = YES;
				GCC_WARN_64_TO_32_BIT_CONVERSION = YES;
				GCC_WARN_ABOUT_RETURN_TYPE = YES_ERROR;
				GCC_WARN_UNDECLARED_SELECTOR = YES;
				GCC_WARN_UNINITIALIZED_AUTOS = YES_AGGRESSIVE;
				GCC_WARN_UNUSED_FUNCTION = YES;
				GCC_WARN_UNUSED_VARIABLE = YES;
				IPHONEOS_DEPLOYMENT_TARGET = 10.0;
				MTL_ENABLE_DEBUG_INFO = NO;
				SDKROOT = iphoneos;
				SWIFT_OPTIMIZATION_LEVEL = "-Owholemodule";
				TARGETED_DEVICE_FAMILY = "1,2";
				VALIDATE_PRODUCT = YES;
			};
			name = Release;
		};
		B4184BD81DC3C2730034C4AF /* Debug */ = {
			isa = XCBuildConfiguration;
			buildSettings = {
				ASSETCATALOG_COMPILER_APPICON_NAME = AppIcon;
				DEVELOPMENT_TEAM = WN3QYBSRHG;
				INFOPLIST_FILE = "adv-calc/Info.plist";
				LD_RUNPATH_SEARCH_PATHS = "$(inherited) @executable_path/Frameworks";
				PRODUCT_BUNDLE_IDENTIFIER = "com.arjun-lalwani.adv-calc";
				PRODUCT_NAME = "$(TARGET_NAME)";
				SWIFT_VERSION = 3.0;
			};
			name = Debug;
		};
		B4184BD91DC3C2730034C4AF /* Release */ = {
			isa = XCBuildConfiguration;
			buildSettings = {
				ASSETCATALOG_COMPILER_APPICON_NAME = AppIcon;
				DEVELOPMENT_TEAM = WN3QYBSRHG;
				INFOPLIST_FILE = "adv-calc/Info.plist";
				LD_RUNPATH_SEARCH_PATHS = "$(inherited) @executable_path/Frameworks";
				PRODUCT_BUNDLE_IDENTIFIER = "com.arjun-lalwani.adv-calc";
				PRODUCT_NAME = "$(TARGET_NAME)";
				SWIFT_VERSION = 3.0;
			};
			name = Release;
		};
		B4184BDB1DC3C2730034C4AF /* Debug */ = {
			isa = XCBuildConfiguration;
			buildSettings = {
				ALWAYS_EMBED_SWIFT_STANDARD_LIBRARIES = YES;
				BUNDLE_LOADER = "$(TEST_HOST)";
				DEVELOPMENT_TEAM = WN3QYBSRHG;
				INFOPLIST_FILE = "adv-calcTests/Info.plist";
				LD_RUNPATH_SEARCH_PATHS = "$(inherited) @executable_path/Frameworks @loader_path/Frameworks";
				PRODUCT_BUNDLE_IDENTIFIER = "com.arjun-lalwani.adv-calcTests";
				PRODUCT_NAME = "$(TARGET_NAME)";
				SWIFT_VERSION = 3.0;
				TEST_HOST = "$(BUILT_PRODUCTS_DIR)/adv-calc.app/adv-calc";
			};
			name = Debug;
		};
		B4184BDC1DC3C2730034C4AF /* Release */ = {
			isa = XCBuildConfiguration;
			buildSettings = {
				ALWAYS_EMBED_SWIFT_STANDARD_LIBRARIES = YES;
				BUNDLE_LOADER = "$(TEST_HOST)";
				DEVELOPMENT_TEAM = WN3QYBSRHG;
				INFOPLIST_FILE = "adv-calcTests/Info.plist";
				LD_RUNPATH_SEARCH_PATHS = "$(inherited) @executable_path/Frameworks @loader_path/Frameworks";
				PRODUCT_BUNDLE_IDENTIFIER = "com.arjun-lalwani.adv-calcTests";
				PRODUCT_NAME = "$(TARGET_NAME)";
				SWIFT_VERSION = 3.0;
				TEST_HOST = "$(BUILT_PRODUCTS_DIR)/adv-calc.app/adv-calc";
			};
			name = Release;
		};
		B4184BDE1DC3C2730034C4AF /* Debug */ = {
			isa = XCBuildConfiguration;
			buildSettings = {
				ALWAYS_EMBED_SWIFT_STANDARD_LIBRARIES = YES;
				DEVELOPMENT_TEAM = WN3QYBSRHG;
				INFOPLIST_FILE = "adv-calcUITests/Info.plist";
				LD_RUNPATH_SEARCH_PATHS = "$(inherited) @executable_path/Frameworks @loader_path/Frameworks";
				PRODUCT_BUNDLE_IDENTIFIER = "com.arjun-lalwani.adv-calcUITests";
				PRODUCT_NAME = "$(TARGET_NAME)";
				SWIFT_VERSION = 3.0;
				TEST_TARGET_NAME = "adv-calc";
			};
			name = Debug;
		};
		B4184BDF1DC3C2730034C4AF /* Release */ = {
			isa = XCBuildConfiguration;
			buildSettings = {
				ALWAYS_EMBED_SWIFT_STANDARD_LIBRARIES = YES;
				DEVELOPMENT_TEAM = WN3QYBSRHG;
				INFOPLIST_FILE = "adv-calcUITests/Info.plist";
				LD_RUNPATH_SEARCH_PATHS = "$(inherited) @executable_path/Frameworks @loader_path/Frameworks";
				PRODUCT_BUNDLE_IDENTIFIER = "com.arjun-lalwani.adv-calcUITests";
				PRODUCT_NAME = "$(TARGET_NAME)";
				SWIFT_VERSION = 3.0;
				TEST_TARGET_NAME = "adv-calc";
			};
			name = Release;
		};
/* End XCBuildConfiguration section */

/* Begin XCConfigurationList section */
		B4184BAA1DC3C2720034C4AF /* Build configuration list for PBXProject "adv-calc" */ = {
			isa = XCConfigurationList;
			buildConfigurations = (
				B4184BD51DC3C2730034C4AF /* Debug */,
				B4184BD61DC3C2730034C4AF /* Release */,
			);
			defaultConfigurationIsVisible = 0;
			defaultConfigurationName = Release;
		};
		B4184BD71DC3C2730034C4AF /* Build configuration list for PBXNativeTarget "adv-calc" */ = {
			isa = XCConfigurationList;
			buildConfigurations = (
				B4184BD81DC3C2730034C4AF /* Debug */,
				B4184BD91DC3C2730034C4AF /* Release */,
			);
			defaultConfigurationIsVisible = 0;
		};
		B4184BDA1DC3C2730034C4AF /* Build configuration list for PBXNativeTarget "adv-calcTests" */ = {
			isa = XCConfigurationList;
			buildConfigurations = (
				B4184BDB1DC3C2730034C4AF /* Debug */,
				B4184BDC1DC3C2730034C4AF /* Release */,
			);
			defaultConfigurationIsVisible = 0;
		};
		B4184BDD1DC3C2730034C4AF /* Build configuration list for PBXNativeTarget "adv-calcUITests" */ = {
			isa = XCConfigurationList;
			buildConfigurations = (
				B4184BDE1DC3C2730034C4AF /* Debug */,
				B4184BDF1DC3C2730034C4AF /* Release */,
			);
			defaultConfigurationIsVisible = 0;
		};
/* End XCConfigurationList section */
	};
	rootObject = B4184BA71DC3C2720034C4AF /* Project object */;
}
